
Microsoft Visual Studio Solution File, Format Version 12.00
# Visual Studio 15
VisualStudioVersion = 15.0.26228.9
MinimumVisualStudioVersion = 10.0.40219.1
Project("{9A19103F-16F7-4668-BE54-9A1E7A4F7556}") = "UrlCombineLib", "UrlCombineLib\UrlCombineLib.csproj", "{95EA1671-32ED-4BDD-AC7E-FCCF0AD2C93F}"
EndProject
Project("{FAE04EC0-301F-11D3-BF4B-00C04F79EFBC}") = "UrlCombineLib.Tests", "UrlCombineLib.Tests\UrlCombineLib.Tests.csproj", "{7B325C02-A5E5-4765-BC70-4BAE320F4930}"
EndProject
Global
	GlobalSection(SolutionConfigurationPlatforms) = preSolution
		Debug|Any CPU = Debug|Any CPU
		Release|Any CPU = Release|Any CPU
	EndGlobalSection
	GlobalSection(ProjectConfigurationPlatforms) = postSolution
		{95EA1671-32ED-4BDD-AC7E-FCCF0AD2C93F}.Debug|Any CPU.ActiveCfg = Debug|Any CPU
		{95EA1671-32ED-4BDD-AC7E-FCCF0AD2C93F}.Debug|Any CPU.Build.0 = Debug|Any CPU
		{95EA1671-32ED-4BDD-AC7E-FCCF0AD2C93F}.Release|Any CPU.ActiveCfg = Release|Any CPU
		{95EA1671-32ED-4BDD-AC7E-FCCF0AD2C93F}.Release|Any CPU.Build.0 = Release|Any CPU
		{7B325C02-A5E5-4765-BC70-4BAE320F4930}.Debug|Any CPU.ActiveCfg = Debug|Any CPU
		{7B325C02-A5E5-4765-BC70-4BAE320F4930}.Debug|Any CPU.Build.0 = Debug|Any CPU
		{7B325C02-A5E5-4765-BC70-4BAE320F4930}.Release|Any CPU.ActiveCfg = Release|Any CPU
		{7B325C02-A5E5-4765-BC70-4BAE320F4930}.Release|Any CPU.Build.0 = Release|Any CPU
	EndGlobalSection
	GlobalSection(SolutionProperties) = preSolution
		HideSolutionNode = FALSE
	EndGlobalSection
	GlobalSection(ExtensibilityGlobals) = postSolution
		SolutionGuid = {C7B897E0-E207-4909-82F4-9B1C081307B8}
	EndGlobalSection
EndGlobal
