
Microsoft Visual Studio Solution File, Format Version 12.00
# Visual Studio 15
VisualStudioVersion = 15.0.26430.6
MinimumVisualStudioVersion = 10.0.40219.1
Project("{FAE04EC0-301F-11D3-BF4B-00C04F79EFBC}") = "UrlCombine.Test", "UrlCombine.Test\UrlCombine.Test.csproj", "{D2F65244-B055-483D-AC85-D20E9263C2D8}"
EndProject
Project("{FAE04EC0-301F-11D3-BF4B-00C04F79EFBC}") = "UrlCombine", "UrlCombine\UrlCombine.csproj", "{95EA1671-32ED-4BDD-AC7E-FCCF0AD2C93F}"
EndProject
Global
	GlobalSection(SolutionConfigurationPlatforms) = preSolution
		Debug|Any CPU = Debug|Any CPU
		Release|Any CPU = Release|Any CPU
	EndGlobalSection
	GlobalSection(ProjectConfigurationPlatforms) = postSolution
		{D2F65244-B055-483D-AC85-D20E9263C2D8}.Debug|Any CPU.ActiveCfg = Debug|Any CPU
		{D2F65244-B055-483D-AC85-D20E9263C2D8}.Debug|Any CPU.Build.0 = Debug|Any CPU
		{D2F65244-B055-483D-AC85-D20E9263C2D8}.Release|Any CPU.ActiveCfg = Release|Any CPU
		{D2F65244-B055-483D-AC85-D20E9263C2D8}.Release|Any CPU.Build.0 = Release|Any CPU
		{95EA1671-32ED-4BDD-AC7E-FCCF0AD2C93F}.Debug|Any CPU.ActiveCfg = Debug|Any CPU
		{95EA1671-32ED-4BDD-AC7E-FCCF0AD2C93F}.Debug|Any CPU.Build.0 = Debug|Any CPU
		{95EA1671-32ED-4BDD-AC7E-FCCF0AD2C93F}.Release|Any CPU.ActiveCfg = Release|Any CPU
		{95EA1671-32ED-4BDD-AC7E-FCCF0AD2C93F}.Release|Any CPU.Build.0 = Release|Any CPU
	EndGlobalSection
	GlobalSection(SolutionProperties) = preSolution
		HideSolutionNode = FALSE
	EndGlobalSection
EndGlobal
