
Microsoft Visual Studio Solution File, Format Version 12.00
# Visual Studio 14
VisualStudioVersion = 14.0.25420.1
MinimumVisualStudioVersion = 10.0.40219.1
Project("{FAE04EC0-301F-11D3-BF4B-00C04F79EFBC}") = "UrlCombine", "UrlCombine\UrlCombine.csproj", "{E5467A58-5D1B-444A-86D2-DAFD22B60928}"
EndProject
Project("{FAE04EC0-301F-11D3-BF4B-00C04F79EFBC}") = "UrlCombine.Test", "UrlCombine.Test\UrlCombine.Test.csproj", "{D2F65244-B055-483D-AC85-D20E9263C2D8}"
EndProject
Global
	GlobalSection(SolutionConfigurationPlatforms) = preSolution
		Debug|Any CPU = Debug|Any CPU
		Release|Any CPU = Release|Any CPU
	EndGlobalSection
	GlobalSection(ProjectConfigurationPlatforms) = postSolution
		{E5467A58-5D1B-444A-86D2-DAFD22B60928}.Debug|Any CPU.ActiveCfg = Debug|Any CPU
		{E5467A58-5D1B-444A-86D2-DAFD22B60928}.Debug|Any CPU.Build.0 = Debug|Any CPU
		{E5467A58-5D1B-444A-86D2-DAFD22B60928}.Release|Any CPU.ActiveCfg = Release|Any CPU
		{E5467A58-5D1B-444A-86D2-DAFD22B60928}.Release|Any CPU.Build.0 = Release|Any CPU
		{D2F65244-B055-483D-AC85-D20E9263C2D8}.Debug|Any CPU.ActiveCfg = Debug|Any CPU
		{D2F65244-B055-483D-AC85-D20E9263C2D8}.Debug|Any CPU.Build.0 = Debug|Any CPU
		{D2F65244-B055-483D-AC85-D20E9263C2D8}.Release|Any CPU.ActiveCfg = Release|Any CPU
		{D2F65244-B055-483D-AC85-D20E9263C2D8}.Release|Any CPU.Build.0 = Release|Any CPU
	EndGlobalSection
	GlobalSection(SolutionProperties) = preSolution
		HideSolutionNode = FALSE
	EndGlobalSection
EndGlobal
